# This file is automatically @generated by Poetry 1.6.1 and should not be changed by hand.

[[package]]
name = "podsixnet"
version = "0.11.0"
description = "Multiplayer networking library for games"
optional = false
python-versions = "*"
files = [
    {file = "PodSixNet-0.11.0.tar.gz", hash = "sha256:5c235a73eddbabe8169ea7b51b115e55ce17d126574bebcbcee37d3d1b414e48"},
]

[metadata]
lock-version = "2.0"
python-versions = "^3.11"
content-hash = "5017d67b5c8271b6664444ea16abc7479380d7fdd63407072f4befa8b6ad3a89"
